
Microsoft Visual Studio Solution File, Format Version 12.00
# Visual Studio Version 16
VisualStudioVersion = 16.0.30524.135
MinimumVisualStudioVersion = 10.0.40219.1
Project("{FAE04EC0-301F-11D3-BF4B-00C04F79EFBC}") = "AsyncProgramming", "AsyncProgramming\AsyncProgramming.csproj", "{DA77EDD0-98A9-49C9-B67B-020E1B1E43C3}"
EndProject
Global
	GlobalSection(SolutionConfigurationPlatforms) = preSolution
		Debug|Any CPU = Debug|Any CPU
		Release|Any CPU = Release|Any CPU
	EndGlobalSection
	GlobalSection(ProjectConfigurationPlatforms) = postSolution
		{DA77EDD0-98A9-49C9-B67B-020E1B1E43C3}.Debug|Any CPU.ActiveCfg = Debug|Any CPU
		{DA77EDD0-98A9-49C9-B67B-020E1B1E43C3}.Debug|Any CPU.Build.0 = Debug|Any CPU
		{DA77EDD0-98A9-49C9-B67B-020E1B1E43C3}.Release|Any CPU.ActiveCfg = Release|Any CPU
		{DA77EDD0-98A9-49C9-B67B-020E1B1E43C3}.Release|Any CPU.Build.0 = Release|Any CPU
	EndGlobalSection
	GlobalSection(SolutionProperties) = preSolution
		HideSolutionNode = FALSE
	EndGlobalSection
	GlobalSection(ExtensibilityGlobals) = postSolution
		SolutionGuid = {9921ED17-21DA-4514-93A8-CAB233816E65}
	EndGlobalSection
EndGlobal
